
Microsoft Visual Studio Solution File, Format Version 12.00
# Visual Studio Version 17
VisualStudioVersion = 17.2.32630.192
MinimumVisualStudioVersion = 10.0.40219.1
Project("{2150E333-8FDC-42A3-9474-1A3956D46DE8}") = "DataAccess", "DataAccess", "{D8FEA136-90CA-40A5-93D3-C41DC45BB28C}"
EndProject
Project("{2150E333-8FDC-42A3-9474-1A3956D46DE8}") = "Api", "Api", "{3F23E8D3-5EA7-402C-A8DC-3A57074B5883}"
EndProject
Project("{9A19103F-16F7-4668-BE54-9A1E7A4F7556}") = "TheatreApi.Api", "TheatreApi.Api\TheatreApi.Api.csproj", "{B4898483-2BDE-4779-9C18-9E0DC74242A2}"
EndProject
Project("{9A19103F-16F7-4668-BE54-9A1E7A4F7556}") = "TheatreApi.DataAccess", "TheatreApi.DataAccess\TheatreApi.DataAccess.csproj", "{6A92DAF9-ED07-45B5-AB5D-4BC9FA0494AB}"
EndProject
Global
	GlobalSection(SolutionConfigurationPlatforms) = preSolution
		Debug|Any CPU = Debug|Any CPU
		Release|Any CPU = Release|Any CPU
	EndGlobalSection
	GlobalSection(ProjectConfigurationPlatforms) = postSolution
		{B4898483-2BDE-4779-9C18-9E0DC74242A2}.Debug|Any CPU.ActiveCfg = Debug|Any CPU
		{B4898483-2BDE-4779-9C18-9E0DC74242A2}.Debug|Any CPU.Build.0 = Debug|Any CPU
		{B4898483-2BDE-4779-9C18-9E0DC74242A2}.Release|Any CPU.ActiveCfg = Release|Any CPU
		{B4898483-2BDE-4779-9C18-9E0DC74242A2}.Release|Any CPU.Build.0 = Release|Any CPU
		{6A92DAF9-ED07-45B5-AB5D-4BC9FA0494AB}.Debug|Any CPU.ActiveCfg = Debug|Any CPU
		{6A92DAF9-ED07-45B5-AB5D-4BC9FA0494AB}.Debug|Any CPU.Build.0 = Debug|Any CPU
		{6A92DAF9-ED07-45B5-AB5D-4BC9FA0494AB}.Release|Any CPU.ActiveCfg = Release|Any CPU
		{6A92DAF9-ED07-45B5-AB5D-4BC9FA0494AB}.Release|Any CPU.Build.0 = Release|Any CPU
	EndGlobalSection
	GlobalSection(SolutionProperties) = preSolution
		HideSolutionNode = FALSE
	EndGlobalSection
	GlobalSection(NestedProjects) = preSolution
		{B4898483-2BDE-4779-9C18-9E0DC74242A2} = {3F23E8D3-5EA7-402C-A8DC-3A57074B5883}
		{6A92DAF9-ED07-45B5-AB5D-4BC9FA0494AB} = {D8FEA136-90CA-40A5-93D3-C41DC45BB28C}
	EndGlobalSection
	GlobalSection(ExtensibilityGlobals) = postSolution
		SolutionGuid = {96228F2A-50A8-4376-B51D-598AC028D61A}
	EndGlobalSection
EndGlobal
